{
  "name": "ktg-one",
  "version": "0.1.0",
  "lockfileVersion": 3,
  "requires": true,
  "packages": {
    "": {
      "name": "ktg-one",
      "version": "0.1.0",
      "dependencies": {
        "@gsap/react": "^2.1.2",
        "@vercel/speed-insights": "^1.2.0",
        "gsap": "^3.13.0",
        "lenis": "^1.3.15",
        "lucide-react": "^0.487.0",
        "next": "^16.0.0",
        "react": "18.3.1",
        "react-dom": "18.3.1"
      },
      "devDependencies": {
        "@tailwindcss/postcss": "^4",
        "@types/node": "^20",
        "@types/react": "^18",
        "@types/react-dom": "^18",
        "eslint": "^9",
        "eslint-config-next": "^16.0.0",
        "puppeteer": "^24.32.0",
        "tailwindcss": "^4",
        "typescript": "^5"
      }
    },
    "node_modules/@next/env": {
      "version": "16.0.0",
      "resolved": "https://registry.npmjs.org/@next/env/-/env-16.0.0.tgz",
      "integrity": "sha512-6dALfHZwOzqYVXQ52Jj6vN8yW/JYYhKUHtN/VNQ2dZJ+Xk8Wax3uqKK8esM2YrdQeVQ5zRQP7XepDzdRFML0Q=="
    },
    "node_modules/next": {
      "version": "16.0.0",
      "resolved": "https://registry.npmjs.org/next/-/next-16.0.0.tgz",
      "integrity": "sha512-SHVAbGQMTen8r08x31hsxp4rXrjVm7bjr8Ct43LMiGfG50JVpE9/HWAgwSpH7Y6A0rQmHHc9ytw6wVXzW4A+Q==",
      "dependencies": {
        "@next/env": "16.0.0",
        "@swc/helpers": "0.5.15",
        "busboy": "1.6.0",
        "caniuse-lite": "^1.0.30001646",
        "postcss": "8.4.31",
        "styled-jsx": "5.1.6",
        "watchpack": "2.4.0"
      },
      "bin": {
        "next": "dist/bin/next"
      },
      "engines": {
        "node": ">=18.20.0"
      },
      "optionalDependencies": {
        "@next/swc-darwin-arm64": "16.0.0",
        "@next/swc-darwin-x64": "16.0.0",
        "@next/swc-linux-arm64-gnu": "16.0.0",
        "@next/swc-linux-arm64-musl": "16.0.0",
        "@next/swc-linux-x64-gnu": "16.0.0",
        "@next/swc-linux-x64-musl": "16.0.0",
        "@next/swc-win32-arm64-msvc": "16.0.0",
        "@next/swc-win32-ia32-msvc": "16.0.0",
        "@next/swc-win32-x64-msvc": "16.0.0"
      },
      "peerDependencies": {
        "@opentelemetry/api": "^1.2.0",
        "@playwright/test": "^1.41.2",
        "react": "^18.2.0",
        "react-dom": "^18.2.0",
        "sass": "^1.3.0"
      },
      "peerDependenciesMeta": {
        "@opentelemetry/api": {
          "optional": true
        },
        "@playwright/test": {
          "optional": true
        },
        "sass": {
          "optional": true
        }
      }
    },
    "node_modules/react": {
      "version": "18.3.1",
      "resolved": "https://registry.npmjs.org/react/-/react-18.3.1.tgz",
      "integrity": "sha512-wS+hAgJShR0KhEvPJArfuPVN1+Hz1t0Y6n5jLrGQbkb4urgPE/0Rve+1kMB1v/oWgHgm4WIcV+i7F2pTVj+g==",
      "dependencies": {
        "loose-envify": "^1.1.0"
      },
      "engines": {
        "node": ">=0.10.0"
      }
    },
    "node_modules/react-dom": {
      "version": "18.3.1",
      "resolved": "https://registry.npmjs.org/react-dom/-/react-dom-18.3.1.tgz",
      "integrity": "sha512-5m4nQKp+rZRb09LNH59GM4BxTh9251/ylbKIbpe7TpGxfJ+9kv6BLkLBXIjjspbgbnIBNqlI23tRnTWT0snUIw==",
      "dependencies": {
        "loose-envify": "^1.1.0",
        "scheduler": "^0.23.2"
      },
      "peerDependencies": {
        "react": "^18.3.1"
      }
    }
  }
}